
Microsoft Visual Studio Solution File, Format Version 12.00
# Visual Studio Version 17
VisualStudioVersion = 17.5.002.0
MinimumVisualStudioVersion = 10.0.40219.1
Project("{9A19103F-16F7-4668-BE54-9A1E7A4F7556}") = "AlcoolOuGasolina", "AlcoolOuGasolina.csproj", "{96D8AE18-1FF1-420B-BE4B-57057F52433E}"
EndProject
Global
	GlobalSection(SolutionConfigurationPlatforms) = preSolution
		Debug|Any CPU = Debug|Any CPU
		Release|Any CPU = Release|Any CPU
	EndGlobalSection
	GlobalSection(ProjectConfigurationPlatforms) = postSolution
		{96D8AE18-1FF1-420B-BE4B-57057F52433E}.Debug|Any CPU.ActiveCfg = Debug|Any CPU
		{96D8AE18-1FF1-420B-BE4B-57057F52433E}.Debug|Any CPU.Build.0 = Debug|Any CPU
		{96D8AE18-1FF1-420B-BE4B-57057F52433E}.Release|Any CPU.ActiveCfg = Release|Any CPU
		{96D8AE18-1FF1-420B-BE4B-57057F52433E}.Release|Any CPU.Build.0 = Release|Any CPU
	EndGlobalSection
	GlobalSection(SolutionProperties) = preSolution
		HideSolutionNode = FALSE
	EndGlobalSection
	GlobalSection(ExtensibilityGlobals) = postSolution
		SolutionGuid = {8E0F3FBB-282D-4313-A0B0-2FCE362073EA}
	EndGlobalSection
EndGlobal
